{
  "originHash" : "db0869e1173879c0f1a1a7b89d6c4da5c1e09045960bc173f7f1b708b75aea37",
  "pins" : [
    {
      "identity" : "swift-argument-parser",
      "kind" : "remoteSourceControl",
      "location" : "https://github.com/apple/swift-argument-parser",
      "state" : {
        "revision" : "626b5b7b2f45e1b0b1c6f4a309296d1d21d7311b",
        "version" : "1.7.1"
      }
    },
    {
      "identity" : "swiftterm",
      "kind" : "remoteSourceControl",
      "location" : "https://github.com/hulryung/SwiftTerm",
      "state" : {
        "revision" : "47ada2c48123821d2a04e4da8d0ccd66976529a2"
      }
    }
  ],
  "version" : 3
}
